{
  "name": "portfolio-website",
  "version": "1.0.0",
  "lockfileVersion": 3,
  "requires": true,
  "packages": {
    "": {
      "name": "portfolio-website",
      "version": "1.0.0",
      "dependencies": {
        "nodemailer": "^9.0.6"
      }
    },
    "node_modules/nodemailer": {
      "version": "9.0.6",
      "resolved": "https://registry.npmjs.org/nodemailer/-/nodemailer-9.0.6.tgz",
      "integrity": "sha512-IQUGFdhdGwI9+AWX+FpUt4DLmvFaOjTMEoneTIWX/RXxuy1TdenPwWrvFMSfLkPKl+HQEXWuSAxEMMbPYXtBmg==",
      "license": "MIT-0",
      "engines": {
        "node": ">=6.0.0"
      }
    }
  }
}
